
Microsoft Visual Studio Solution File, Format Version 12.00
# Visual Studio 14
VisualStudioVersion = 14.0.24720.0
MinimumVisualStudioVersion = 10.0.40219.1
Project("{FAE04EC0-301F-11D3-BF4B-00C04F79EFBC}") = "TeethSurvey", "TeethSurvey\TeethSurvey.csproj", "{DCD0326F-A83E-4C07-99E0-D4FD2790521D}"
EndProject
Project("{FAE04EC0-301F-11D3-BF4B-00C04F79EFBC}") = "TeetSurvey.Repository", "TeetSurvey.Repository\TeetSurvey.Repository.csproj", "{A2D65EAD-BE4C-49EF-8B66-7B48F1507600}"
EndProject
Project("{FAE04EC0-301F-11D3-BF4B-00C04F79EFBC}") = "Sample", "Sample\Sample.csproj", "{DDB71D41-BA57-4FC4-BA60-06AC80049C22}"
EndProject
Project("{FAE04EC0-301F-11D3-BF4B-00C04F79EFBC}") = "TeethSurvey.Extensions", "TeethSurvey.Extensions\TeethSurvey.Extensions.csproj", "{1FCAAF54-F575-4E74-B0D2-3C7FC58BA4B8}"
EndProject
Global
	GlobalSection(SolutionConfigurationPlatforms) = preSolution
		Debug|Any CPU = Debug|Any CPU
		Release|Any CPU = Release|Any CPU
	EndGlobalSection
	GlobalSection(ProjectConfigurationPlatforms) = postSolution
		{DCD0326F-A83E-4C07-99E0-D4FD2790521D}.Debug|Any CPU.ActiveCfg = Debug|Any CPU
		{DCD0326F-A83E-4C07-99E0-D4FD2790521D}.Debug|Any CPU.Build.0 = Debug|Any CPU
		{DCD0326F-A83E-4C07-99E0-D4FD2790521D}.Release|Any CPU.ActiveCfg = Release|Any CPU
		{DCD0326F-A83E-4C07-99E0-D4FD2790521D}.Release|Any CPU.Build.0 = Release|Any CPU
		{A2D65EAD-BE4C-49EF-8B66-7B48F1507600}.Debug|Any CPU.ActiveCfg = Debug|Any CPU
		{A2D65EAD-BE4C-49EF-8B66-7B48F1507600}.Debug|Any CPU.Build.0 = Debug|Any CPU
		{A2D65EAD-BE4C-49EF-8B66-7B48F1507600}.Release|Any CPU.ActiveCfg = Release|Any CPU
		{A2D65EAD-BE4C-49EF-8B66-7B48F1507600}.Release|Any CPU.Build.0 = Release|Any CPU
		{DDB71D41-BA57-4FC4-BA60-06AC80049C22}.Debug|Any CPU.ActiveCfg = Debug|Any CPU
		{DDB71D41-BA57-4FC4-BA60-06AC80049C22}.Debug|Any CPU.Build.0 = Debug|Any CPU
		{DDB71D41-BA57-4FC4-BA60-06AC80049C22}.Release|Any CPU.ActiveCfg = Release|Any CPU
		{DDB71D41-BA57-4FC4-BA60-06AC80049C22}.Release|Any CPU.Build.0 = Release|Any CPU
		{1FCAAF54-F575-4E74-B0D2-3C7FC58BA4B8}.Debug|Any CPU.ActiveCfg = Debug|Any CPU
		{1FCAAF54-F575-4E74-B0D2-3C7FC58BA4B8}.Debug|Any CPU.Build.0 = Debug|Any CPU
		{1FCAAF54-F575-4E74-B0D2-3C7FC58BA4B8}.Release|Any CPU.ActiveCfg = Release|Any CPU
		{1FCAAF54-F575-4E74-B0D2-3C7FC58BA4B8}.Release|Any CPU.Build.0 = Release|Any CPU
	EndGlobalSection
	GlobalSection(SolutionProperties) = preSolution
		HideSolutionNode = FALSE
	EndGlobalSection
EndGlobal
